%{
  "ecspanse": {:git, "https://github.com/iacobson/ecspanse.git", "64607bf6c6da3179c154671e4c987c09275e6a66", [branch: "main"]},
  "elixir_uuid": {:hex, :elixir_uuid, "1.2.1", "dce506597acb7e6b0daeaff52ff6a9043f5919a4c3315abb4143f0b00378c097", [:mix], [], "hexpm", "f7eba2ea6c3555cea09706492716b0d87397b88946e6380898c2889d68585752"},
  "ex2ms": {:hex, :ex2ms, "1.6.1", "66d472eb14da43087c156e0396bac3cc7176b4f24590a251db53f84e9a0f5f72", [:mix], [], "hexpm", "a7192899d84af03823a8ec2f306fa858cbcce2c2e7fd0f1c49e05168fb9c740e"},
  "memoize": {:hex, :memoize, "1.4.2", "cc289c7f1b86a37e7278180aa382bdc8935e8280cbf41659482d29d843bcd16d", [:mix], [], "hexpm", "daabbbf763b07bc2a2aedba6c87945cbc3d9100e46cfa651923a81e098adbcfa"},
  "plug_crypto": {:hex, :plug_crypto, "1.2.5", "918772575e48e81e455818229bf719d4ab4181fcbf7f85b68a35620f78d89ced", [:mix], [], "hexpm", "26549a1d6345e2172eb1c233866756ae44a9609bd33ee6f99147ab3fd87fd842"},
}
